
Microsoft Visual Studio Solution File, Format Version 12.00
# Visual Studio Express 2013 for Windows Desktop
VisualStudioVersion = 12.0.21005.1
MinimumVisualStudioVersion = 10.0.40219.1
Project("{8BC9CEB8-8B4A-11D0-8D11-00A0C91BC942}") = "FluxCapacitorCPUMeter-WFA", "FluxCapacitorCPUMeter-WFA\FluxCapacitorCPUMeter-WFA.vcxproj", "{37AAA0FE-5282-494A-8E35-E3CA1DA1276F}"
EndProject
Global
	GlobalSection(SolutionConfigurationPlatforms) = preSolution
		Debug|Win32 = Debug|Win32
		Release|Win32 = Release|Win32
	EndGlobalSection
	GlobalSection(ProjectConfigurationPlatforms) = postSolution
		{37AAA0FE-5282-494A-8E35-E3CA1DA1276F}.Debug|Win32.ActiveCfg = Debug|Win32
		{37AAA0FE-5282-494A-8E35-E3CA1DA1276F}.Debug|Win32.Build.0 = Debug|Win32
		{37AAA0FE-5282-494A-8E35-E3CA1DA1276F}.Release|Win32.ActiveCfg = Release|Win32
		{37AAA0FE-5282-494A-8E35-E3CA1DA1276F}.Release|Win32.Build.0 = Release|Win32
	EndGlobalSection
	GlobalSection(SolutionProperties) = preSolution
		HideSolutionNode = FALSE
	EndGlobalSection
EndGlobal
